
Microsoft Visual Studio Solution File, Format Version 12.00
# Visual Studio Version 17
VisualStudioVersion = 17.10.34928.147
MinimumVisualStudioVersion = 10.0.40219.1
Project("{FAE04EC0-301F-11D3-BF4B-00C04F79EFBC}") = "Perceptron-h1", "Perceptron-h1\Perceptron-h1.csproj", "{111BF69A-270F-4FBC-AE33-D376AB82DC70}"
EndProject
Global
	GlobalSection(SolutionConfigurationPlatforms) = preSolution
		Debug|Any CPU = Debug|Any CPU
		Release|Any CPU = Release|Any CPU
	EndGlobalSection
	GlobalSection(ProjectConfigurationPlatforms) = postSolution
		{111BF69A-270F-4FBC-AE33-D376AB82DC70}.Debug|Any CPU.ActiveCfg = Debug|Any CPU
		{111BF69A-270F-4FBC-AE33-D376AB82DC70}.Debug|Any CPU.Build.0 = Debug|Any CPU
		{111BF69A-270F-4FBC-AE33-D376AB82DC70}.Release|Any CPU.ActiveCfg = Release|Any CPU
		{111BF69A-270F-4FBC-AE33-D376AB82DC70}.Release|Any CPU.Build.0 = Release|Any CPU
	EndGlobalSection
	GlobalSection(SolutionProperties) = preSolution
		HideSolutionNode = FALSE
	EndGlobalSection
	GlobalSection(ExtensibilityGlobals) = postSolution
		SolutionGuid = {D790B73F-38DF-41BB-928C-623EAB211C11}
	EndGlobalSection
EndGlobal
